// !$*UTF8*$!
{
	archiveVersion = 1;
	classes = {
	};
	objectVersion = 90;
	objects = {

/* Begin PBXBuildFile section */
		8217A1BC3042F7DC0071608E /* test_cpu.cpp in Sources */ = {isa = PBXBuildFile; fileRef = 8217A1BA3042F7DC0071608E /* test_cpu.cpp */; };
		8217A1CE3042FDEC0071608E /* benchmark.cpp in Sources */ = {isa = PBXBuildFile; fileRef = 8217A1C63042FDEC0071608E /* benchmark.cpp */; };
		8217A1D830433A7E0071608E /* run_klaus.cpp in Sources */ = {isa = PBXBuildFile; fileRef = 8217A1D730433A7E0071608E /* run_klaus.cpp */; };
		8217A1DA30433CBD0071608E /* 6502_functional_test.bin in CopyFiles */ = {isa = PBXBuildFile; fileRef = 8217A1BD3042F88F0071608E /* 6502_functional_test.bin */; };
/* End PBXBuildFile section */

/* Begin PBXCopyFilesBuildPhase section */
		8217A1D930433CA40071608E /* CopyFiles */ = {
			isa = PBXCopyFilesBuildPhase;
			dstPath = "";
			dstSubfolder = Executables;
			files = (
				8217A1DA30433CBD0071608E /* 6502_functional_test.bin in CopyFiles */,
			);
		};
/* End PBXCopyFilesBuildPhase section */

/* Begin PBXFileReference section */
		000000000000000000000120 /* Functional tests */ = {isa = PBXFileReference; explicitFileType = "compiled.mach-o.executable"; includeInIndex = 0; path = "Functional tests"; sourceTree = BUILT_PRODUCTS_DIR; };
		8217A1A93042F74D0071608E /* addressing.hpp */ = {isa = PBXFileReference; lastKnownFileType = sourcecode.cpp.h; path = addressing.hpp; sourceTree = "<group>"; };
		8217A1AA3042F74D0071608E /* bus.hpp */ = {isa = PBXFileReference; lastKnownFileType = sourcecode.cpp.h; path = bus.hpp; sourceTree = "<group>"; };
		8217A1AB3042F74D0071608E /* cpu.hpp */ = {isa = PBXFileReference; lastKnownFileType = sourcecode.cpp.h; path = cpu.hpp; sourceTree = "<group>"; };
		8217A1AC3042F74D0071608E /* disassembler.hpp */ = {isa = PBXFileReference; lastKnownFileType = sourcecode.cpp.h; path = disassembler.hpp; sourceTree = "<group>"; };
		8217A1AD3042F74D0071608E /* hooks.hpp */ = {isa = PBXFileReference; lastKnownFileType = sourcecode.cpp.h; path = hooks.hpp; sourceTree = "<group>"; };
		8217A1AE3042F74D0071608E /* instruction_table.def */ = {isa = PBXFileReference; lastKnownFileType = text; path = instruction_table.def; sourceTree = "<group>"; };
		8217A1AF3042F74D0071608E /* instructions.hpp */ = {isa = PBXFileReference; lastKnownFileType = sourcecode.cpp.h; path = instructions.hpp; sourceTree = "<group>"; };
		8217A1B03042F74D0071608E /* mos6502.hpp */ = {isa = PBXFileReference; lastKnownFileType = sourcecode.cpp.h; path = mos6502.hpp; sourceTree = "<group>"; };
		8217A1B13042F74D0071608E /* operations.hpp */ = {isa = PBXFileReference; lastKnownFileType = sourcecode.cpp.h; path = operations.hpp; sourceTree = "<group>"; };
		8217A1B23042F74D0071608E /* registers.hpp */ = {isa = PBXFileReference; lastKnownFileType = sourcecode.cpp.h; path = registers.hpp; sourceTree = "<group>"; };
		8217A1B33042F74D0071608E /* tracing.hpp */ = {isa = PBXFileReference; lastKnownFileType = sourcecode.cpp.h; path = tracing.hpp; sourceTree = "<group>"; };
		8217A1B43042F74D0071608E /* types.hpp */ = {isa = PBXFileReference; lastKnownFileType = sourcecode.cpp.h; path = types.hpp; sourceTree = "<group>"; };
		8217A1B53042F74D0071608E /* variants.hpp */ = {isa = PBXFileReference; lastKnownFileType = sourcecode.cpp.h; path = variants.hpp; sourceTree = "<group>"; };
		8217A1BA3042F7DC0071608E /* test_cpu.cpp */ = {isa = PBXFileReference; lastKnownFileType = sourcecode.cpp.cpp; path = test_cpu.cpp; sourceTree = "<group>"; };
		8217A1BD3042F88F0071608E /* 6502_functional_test.bin */ = {isa = PBXFileReference; lastKnownFileType = archive.macbinary; name = 6502_functional_test.bin; path = "Klaus-tests/bin_files/6502_functional_test.bin"; sourceTree = SOURCE_ROOT; };
		8217A1C53042FD890071608E /* Benchmarks */ = {isa = PBXFileReference; explicitFileType = "compiled.mach-o.executable"; includeInIndex = 0; path = Benchmarks; sourceTree = BUILT_PRODUCTS_DIR; };
		8217A1C63042FDEC0071608E /* benchmark.cpp */ = {isa = PBXFileReference; lastKnownFileType = sourcecode.cpp.cpp; path = benchmark.cpp; sourceTree = "<group>"; };
		8217A1C83042FDEC0071608E /* json.hpp */ = {isa = PBXFileReference; lastKnownFileType = sourcecode.cpp.h; path = json.hpp; sourceTree = "<group>"; };
		8217A1D6304339F00071608E /* Klaus suite */ = {isa = PBXFileReference; explicitFileType = "compiled.mach-o.executable"; includeInIndex = 0; path = "Klaus suite"; sourceTree = BUILT_PRODUCTS_DIR; };
		8217A1D730433A7E0071608E /* run_klaus.cpp */ = {isa = PBXFileReference; lastKnownFileType = sourcecode.cpp.cpp; path = run_klaus.cpp; sourceTree = "<group>"; };
/* End PBXFileReference section */

/* Begin PBXFrameworksBuildPhase section */
		000000000000000130000000 /* Frameworks */ = {
			isa = PBXFrameworksBuildPhase;
			files = (
			);
		};
		8217A1C13042FD890071608E /* Frameworks */ = {
			isa = PBXFrameworksBuildPhase;
			files = (
			);
		};
		8217A1D2304339F00071608E /* Frameworks */ = {
			isa = PBXFrameworksBuildPhase;
			files = (
			);
		};
/* End PBXFrameworksBuildPhase section */

/* Begin PBXGroup section */
		000000000000000000000001 = {
			isa = PBXGroup;
			children = (
				8217A1CB3042FDEC0071608E /* tools */,
				8217A1BB3042F7DC0071608E /* tests */,
				8217A1B73042F74D0071608E /* include */,
				000000000000000000000020 /* Products */,
			);
			sourceTree = "<group>";
		};
		000000000000000000000020 /* Products */ = {
			isa = PBXGroup;
			children = (
				000000000000000000000120 /* Functional tests */,
				8217A1C53042FD890071608E /* Benchmarks */,
				8217A1D6304339F00071608E /* Klaus suite */,
			);
			name = Products;
			sourceTree = "<group>";
		};
		8217A1B63042F74D0071608E /* mos6502 */ = {
			isa = PBXGroup;
			children = (
				8217A1A93042F74D0071608E /* addressing.hpp */,
				8217A1AA3042F74D0071608E /* bus.hpp */,
				8217A1AB3042F74D0071608E /* cpu.hpp */,
				8217A1AC3042F74D0071608E /* disassembler.hpp */,
				8217A1AD3042F74D0071608E /* hooks.hpp */,
				8217A1AE3042F74D0071608E /* instruction_table.def */,
				8217A1AF3042F74D0071608E /* instructions.hpp */,
				8217A1B03042F74D0071608E /* mos6502.hpp */,
				8217A1B13042F74D0071608E /* operations.hpp */,
				8217A1B23042F74D0071608E /* registers.hpp */,
				8217A1B33042F74D0071608E /* tracing.hpp */,
				8217A1B43042F74D0071608E /* types.hpp */,
				8217A1B53042F74D0071608E /* variants.hpp */,
			);
			path = mos6502;
			sourceTree = "<group>";
		};
		8217A1B73042F74D0071608E /* include */ = {
			isa = PBXGroup;
			children = (
				8217A1B63042F74D0071608E /* mos6502 */,
			);
			path = include;
			sourceTree = "<group>";
		};
		8217A1BB3042F7DC0071608E /* tests */ = {
			isa = PBXGroup;
			children = (
				8217A1BD3042F88F0071608E /* 6502_functional_test.bin */,
				8217A1D730433A7E0071608E /* run_klaus.cpp */,
				8217A1BA3042F7DC0071608E /* test_cpu.cpp */,
			);
			path = tests;
			sourceTree = "<group>";
		};
		8217A1CB3042FDEC0071608E /* tools */ = {
			isa = PBXGroup;
			children = (
				8217A1C63042FDEC0071608E /* benchmark.cpp */,
				8217A1C83042FDEC0071608E /* json.hpp */,
			);
			path = tools;
			sourceTree = "<group>";
		};
/* End PBXGroup section */

/* Begin PBXNativeTarget section */
		000000000000000100000000 /* Functional tests */ = {
			isa = PBXNativeTarget;
			buildConfigurationList = 000000000000000110000000 /* Build configuration list for PBXNativeTarget "Functional tests" */;
			buildPhases = (
				000000000000000120000000 /* Sources */,
				000000000000000130000000 /* Frameworks */,
			);
			buildRules = (
			);
			name = "Functional tests";
			productName = Tool;
			productReference = 000000000000000000000120 /* Functional tests */;
			productType = "com.apple.product-type.tool";
		};
		8217A1BE3042FD890071608E /* Benchmarks */ = {
			isa = PBXNativeTarget;
			buildConfigurationList = 8217A1C23042FD890071608E /* Build configuration list for PBXNativeTarget "Benchmarks" */;
			buildPhases = (
				8217A1BF3042FD890071608E /* Sources */,
				8217A1C13042FD890071608E /* Frameworks */,
			);
			buildRules = (
			);
			name = Benchmarks;
			productName = Tool;
			productReference = 8217A1C53042FD890071608E /* Benchmarks */;
			productType = "com.apple.product-type.tool";
		};
		8217A1CF304339F00071608E /* Klaus suite */ = {
			isa = PBXNativeTarget;
			buildConfigurationList = 8217A1D3304339F00071608E /* Build configuration list for PBXNativeTarget "Klaus suite" */;
			buildPhases = (
				8217A1D0304339F00071608E /* Sources */,
				8217A1D2304339F00071608E /* Frameworks */,
				8217A1D930433CA40071608E /* CopyFiles */,
			);
			buildRules = (
			);
			name = "Klaus suite";
			productName = Tool;
			productReference = 8217A1D6304339F00071608E /* Klaus suite */;
			productType = "com.apple.product-type.tool";
		};
/* End PBXNativeTarget section */

/* Begin PBXProject section */
		000000000000000000000000 /* Project object */ = {
			isa = PBXProject;
			attributes = {
				BuildIndependentTargetsInParallel = 1;
				LastSwiftUpdateCheck = 2700;
				LastUpgradeCheck = 2700;
				TargetAttributes = {
					000000000000000100000000 = {
						CreatedOnToolsVersion = 27.0;
					};
				};
			};
			buildConfigurationList = 000000000000000010000000 /* Build configuration list for PBXProject "6502 Emulator" */;
			developmentRegion = en;
			hasScannedForEncodings = 0;
			knownRegions = (
				en,
				Base,
			);
			mainGroup = 000000000000000000000001;
			minimizedProjectReferenceProxies = 1;
			preferredProjectObjectVersion = 90;
			productRefGroup = 000000000000000000000020 /* Products */;
			projectDirPath = "";
			projectRoot = "";
			targets = (
				000000000000000100000000 /* Functional tests */,
				8217A1BE3042FD890071608E /* Benchmarks */,
				8217A1CF304339F00071608E /* Klaus suite */,
			);
		};
/* End PBXProject section */

/* Begin PBXSourcesBuildPhase section */
		000000000000000120000000 /* Sources */ = {
			isa = PBXSourcesBuildPhase;
			files = (
				8217A1BC3042F7DC0071608E /* test_cpu.cpp in Sources */,
			);
		};
		8217A1BF3042FD890071608E /* Sources */ = {
			isa = PBXSourcesBuildPhase;
			files = (
				8217A1CE3042FDEC0071608E /* benchmark.cpp in Sources */,
			);
		};
		8217A1D0304339F00071608E /* Sources */ = {
			isa = PBXSourcesBuildPhase;
			files = (
				8217A1D830433A7E0071608E /* run_klaus.cpp in Sources */,
			);
		};
/* End PBXSourcesBuildPhase section */

/* Begin XCBuildConfiguration section */
		000000000000000011000000 /* Debug configuration for PBXProject "6502 Emulator" */ = {
			isa = XCBuildConfiguration;
			buildSettings = {
				ALWAYS_SEARCH_USER_PATHS = NO;
				APPLETVOS_DEPLOYMENT_TARGET = 27.0;
				ASSETCATALOG_COMPILER_GENERATE_SWIFT_ASSET_SYMBOL_EXTENSIONS = YES;
				CLANG_ANALYZER_NONNULL = YES;
				CLANG_ANALYZER_NUMBER_OBJECT_CONVERSION = YES_AGGRESSIVE;
				CLANG_CXX_LANGUAGE_STANDARD = "c++23";
				CLANG_ENABLE_MODULES = YES;
				CLANG_ENABLE_OBJC_ARC = YES;
				CLANG_ENABLE_OBJC_WEAK = YES;
				CLANG_WARN_BLOCK_CAPTURE_AUTORELEASING = YES;
				CLANG_WARN_BOOL_CONVERSION = YES;
				CLANG_WARN_COMMA = YES;
				CLANG_WARN_CONSTANT_CONVERSION = YES;
				CLANG_WARN_DEPRECATED_OBJC_IMPLEMENTATIONS = YES;
				CLANG_WARN_DIRECT_OBJC_ISA_USAGE = YES_ERROR;
				CLANG_WARN_DOCUMENTATION_COMMENTS = YES;
				CLANG_WARN_EMPTY_BODY = YES;
				CLANG_WARN_ENUM_CONVERSION = YES;
				CLANG_WARN_INFINITE_RECURSION = YES;
				CLANG_WARN_INT_CONVERSION = YES;
				CLANG_WARN_NON_LITERAL_NULL_CONVERSION = YES;
				CLANG_WARN_OBJC_IMPLICIT_RETAIN_SELF = YES;
				CLANG_WARN_OBJC_LITERAL_CONVERSION = YES;
				CLANG_WARN_OBJC_ROOT_CLASS = YES_ERROR;
				CLANG_WARN_QUOTED_INCLUDE_IN_FRAMEWORK_HEADER = YES;
				CLANG_WARN_RANGE_LOOP_ANALYSIS = YES;
				CLANG_WARN_STRICT_PROTOTYPES = YES;
				CLANG_WARN_SUSPICIOUS_MOVE = YES;
				CLANG_WARN_UNGUARDED_AVAILABILITY = YES_AGGRESSIVE;
				CLANG_WARN_UNREACHABLE_CODE = YES;
				CLANG_WARN__DUPLICATE_METHOD_MATCH = YES;
				COPY_PHASE_STRIP = NO;
				DEAD_CODE_STRIPPING = YES;
				DEBUG_INFORMATION_FORMAT = dwarf;
				DRIVERKIT_DEPLOYMENT_TARGET = 27.0;
				ENABLE_STRICT_OBJC_MSGSEND = YES;
				ENABLE_TESTABILITY = YES;
				ENABLE_USER_SCRIPT_SANDBOXING = YES;
				GCC_C_LANGUAGE_STANDARD = c23;
				GCC_DYNAMIC_NO_PIC = NO;
				GCC_NO_COMMON_BLOCKS = YES;
				GCC_OPTIMIZATION_LEVEL = 0;
				GCC_PREPROCESSOR_DEFINITIONS = (
					"DEBUG=1",
					"$(inherited)",
				);
				GCC_WARN_64_TO_32_BIT_CONVERSION = YES;
				GCC_WARN_ABOUT_RETURN_TYPE = YES_ERROR;
				GCC_WARN_UNDECLARED_SELECTOR = YES;
				GCC_WARN_UNINITIALIZED_AUTOS = YES_AGGRESSIVE;
				GCC_WARN_UNUSED_FUNCTION = YES;
				GCC_WARN_UNUSED_VARIABLE = YES;
				IPHONEOS_DEPLOYMENT_TARGET = 27.0;
				LOCALIZATION_PREFERS_STRING_CATALOGS = YES;
				MACOSX_DEPLOYMENT_TARGET = 27.0;
				MTL_ENABLE_DEBUG_INFO = INCLUDE_SOURCE;
				MTL_FAST_MATH = YES;
				ONLY_ACTIVE_ARCH = YES;
				PROJECT_UNIQUE_VALUE = CZR4AVEG;
				STRING_CATALOG_GENERATE_SYMBOLS = YES;
				SWIFT_ACTIVE_COMPILATION_CONDITIONS = "DEBUG $(inherited)";
				SWIFT_OPTIMIZATION_LEVEL = "-Onone";
				WATCHOS_DEPLOYMENT_TARGET = 27.0;
				XROS_DEPLOYMENT_TARGET = 27.0;
			};
			name = Debug;
		};
		000000000000000012000000 /* Release configuration for PBXProject "6502 Emulator" */ = {
			isa = XCBuildConfiguration;
			buildSettings = {
				ALWAYS_SEARCH_USER_PATHS = NO;
				APPLETVOS_DEPLOYMENT_TARGET = 27.0;
				ASSETCATALOG_COMPILER_GENERATE_SWIFT_ASSET_SYMBOL_EXTENSIONS = YES;
				CLANG_ANALYZER_NONNULL = YES;
				CLANG_ANALYZER_NUMBER_OBJECT_CONVERSION = YES_AGGRESSIVE;
				CLANG_CXX_LANGUAGE_STANDARD = "c++23";
				CLANG_ENABLE_MODULES = YES;
				CLANG_ENABLE_OBJC_ARC = YES;
				CLANG_ENABLE_OBJC_WEAK = YES;
				CLANG_WARN_BLOCK_CAPTURE_AUTORELEASING = YES;
				CLANG_WARN_BOOL_CONVERSION = YES;
				CLANG_WARN_COMMA = YES;
				CLANG_WARN_CONSTANT_CONVERSION = YES;
				CLANG_WARN_DEPRECATED_OBJC_IMPLEMENTATIONS = YES;
				CLANG_WARN_DIRECT_OBJC_ISA_USAGE = YES_ERROR;
				CLANG_WARN_DOCUMENTATION_COMMENTS = YES;
				CLANG_WARN_EMPTY_BODY = YES;
				CLANG_WARN_ENUM_CONVERSION = YES;
				CLANG_WARN_INFINITE_RECURSION = YES;
				CLANG_WARN_INT_CONVERSION = YES;
				CLANG_WARN_NON_LITERAL_NULL_CONVERSION = YES;
				CLANG_WARN_OBJC_IMPLICIT_RETAIN_SELF = YES;
				CLANG_WARN_OBJC_LITERAL_CONVERSION = YES;
				CLANG_WARN_OBJC_ROOT_CLASS = YES_ERROR;
				CLANG_WARN_QUOTED_INCLUDE_IN_FRAMEWORK_HEADER = YES;
				CLANG_WARN_RANGE_LOOP_ANALYSIS = YES;
				CLANG_WARN_STRICT_PROTOTYPES = YES;
				CLANG_WARN_SUSPICIOUS_MOVE = YES;
				CLANG_WARN_UNGUARDED_AVAILABILITY = YES_AGGRESSIVE;
				CLANG_WARN_UNREACHABLE_CODE = YES;
				CLANG_WARN__DUPLICATE_METHOD_MATCH = YES;
				COPY_PHASE_STRIP = NO;
				DEAD_CODE_STRIPPING = YES;
				DEBUG_INFORMATION_FORMAT = "dwarf-with-dsym";
				DRIVERKIT_DEPLOYMENT_TARGET = 27.0;
				ENABLE_NS_ASSERTIONS = NO;
				ENABLE_STRICT_OBJC_MSGSEND = YES;
				ENABLE_USER_SCRIPT_SANDBOXING = YES;
				GCC_C_LANGUAGE_STANDARD = c23;
				GCC_NO_COMMON_BLOCKS = YES;
				GCC_WARN_64_TO_32_BIT_CONVERSION = YES;
				GCC_WARN_ABOUT_RETURN_TYPE = YES_ERROR;
				GCC_WARN_UNDECLARED_SELECTOR = YES;
				GCC_WARN_UNINITIALIZED_AUTOS = YES_AGGRESSIVE;
				GCC_WARN_UNUSED_FUNCTION = YES;
				GCC_WARN_UNUSED_VARIABLE = YES;
				IPHONEOS_DEPLOYMENT_TARGET = 27.0;
				LOCALIZATION_PREFERS_STRING_CATALOGS = YES;
				MACOSX_DEPLOYMENT_TARGET = 27.0;
				MTL_ENABLE_DEBUG_INFO = NO;
				MTL_FAST_MATH = YES;
				PROJECT_UNIQUE_VALUE = CZR4AVEG;
				STRING_CATALOG_GENERATE_SYMBOLS = YES;
				SWIFT_COMPILATION_MODE = wholemodule;
				WATCHOS_DEPLOYMENT_TARGET = 27.0;
				XROS_DEPLOYMENT_TARGET = 27.0;
			};
			name = Release;
		};
		000000000000000111000000 /* Debug configuration for PBXNativeTarget "Functional tests" */ = {
			isa = XCBuildConfiguration;
			buildSettings = {
				PRODUCT_NAME = "$(TARGET_NAME)";
				USER_HEADER_SEARCH_PATHS = include;
			};
			name = Debug;
		};
		000000000000000112000000 /* Release configuration for PBXNativeTarget "Functional tests" */ = {
			isa = XCBuildConfiguration;
			buildSettings = {
				PRODUCT_NAME = "$(TARGET_NAME)";
				USER_HEADER_SEARCH_PATHS = include;
			};
			name = Release;
		};
		8217A1C33042FD890071608E /* Debug configuration for PBXNativeTarget "Benchmarks" */ = {
			isa = XCBuildConfiguration;
			buildSettings = {
				PRODUCT_NAME = "$(TARGET_NAME)";
				USER_HEADER_SEARCH_PATHS = include;
			};
			name = Debug;
		};
		8217A1C43042FD890071608E /* Release configuration for PBXNativeTarget "Benchmarks" */ = {
			isa = XCBuildConfiguration;
			buildSettings = {
				PRODUCT_NAME = "$(TARGET_NAME)";
				USER_HEADER_SEARCH_PATHS = include;
			};
			name = Release;
		};
		8217A1D4304339F00071608E /* Debug configuration for PBXNativeTarget "Klaus suite" */ = {
			isa = XCBuildConfiguration;
			buildSettings = {
				PRODUCT_NAME = "$(TARGET_NAME)";
				USER_HEADER_SEARCH_PATHS = include;
			};
			name = Debug;
		};
		8217A1D5304339F00071608E /* Release configuration for PBXNativeTarget "Klaus suite" */ = {
			isa = XCBuildConfiguration;
			buildSettings = {
				PRODUCT_NAME = "$(TARGET_NAME)";
				USER_HEADER_SEARCH_PATHS = include;
			};
			name = Release;
		};
/* End XCBuildConfiguration section */

/* Begin XCConfigurationList section */
		000000000000000010000000 /* Build configuration list for PBXProject "6502 Emulator" */ = {
			isa = XCConfigurationList;
			buildConfigurations = (
				000000000000000011000000 /* Debug configuration for PBXProject "6502 Emulator" */,
				000000000000000012000000 /* Release configuration for PBXProject "6502 Emulator" */,
			);
			defaultConfigurationName = Release;
		};
		000000000000000110000000 /* Build configuration list for PBXNativeTarget "Functional tests" */ = {
			isa = XCConfigurationList;
			buildConfigurations = (
				000000000000000111000000 /* Debug configuration for PBXNativeTarget "Functional tests" */,
				000000000000000112000000 /* Release configuration for PBXNativeTarget "Functional tests" */,
			);
			defaultConfigurationName = Release;
		};
		8217A1C23042FD890071608E /* Build configuration list for PBXNativeTarget "Benchmarks" */ = {
			isa = XCConfigurationList;
			buildConfigurations = (
				8217A1C33042FD890071608E /* Debug configuration for PBXNativeTarget "Benchmarks" */,
				8217A1C43042FD890071608E /* Release configuration for PBXNativeTarget "Benchmarks" */,
			);
			defaultConfigurationName = Release;
		};
		8217A1D3304339F00071608E /* Build configuration list for PBXNativeTarget "Klaus suite" */ = {
			isa = XCConfigurationList;
			buildConfigurations = (
				8217A1D4304339F00071608E /* Debug configuration for PBXNativeTarget "Klaus suite" */,
				8217A1D5304339F00071608E /* Release configuration for PBXNativeTarget "Klaus suite" */,
			);
			defaultConfigurationName = Release;
		};
/* End XCConfigurationList section */
	};
	rootObject = 000000000000000000000000 /* Project object */;
}
